// !$*UTF8*$!
{
	archiveVersion = 1;
	classes = {
	};
	objectVersion = 46;
	objects = {

/* Begin PBXBuildFile section */
		BBDF6FDD1D5198AF001A46D1 /* digital-7.ttf in Resources */ = {isa = PBXBuildFile; fileRef = BBDF6FDC1D5198AF001A46D1 /* digital-7.ttf */; };
		BBDF6FDF1D519ACA001A46D1 /* Digital Dismay.otf in Resources */ = {isa = PBXBuildFile; fileRef = BBDF6FDE1D519ACA001A46D1 /* Digital Dismay.otf */; };
		BBF4BDF81D260385003CF6DB /* AppDelegate.swift in Sources */ = {isa = PBXBuildFile; fileRef = BBF4BDF71D260385003CF6DB /* AppDelegate.swift */; };
		BBF4BDFA1D260385003CF6DB /* ViewController.swift in Sources */ = {isa = PBXBuildFile; fileRef = BBF4BDF91D260385003CF6DB /* ViewController.swift */; };
		BBF4BDFD1D260385003CF6DB /* Main.storyboard in Resources */ = {isa = PBXBuildFile; fileRef = BBF4BDFB1D260385003CF6DB /* Main.storyboard */; };
		BBF4BE001D260385003CF6DB /* iAddit.xcdatamodeld in Sources */ = {isa = PBXBuildFile; fileRef = BBF4BDFE1D260385003CF6DB /* iAddit.xcdatamodeld */; };
		BBF4BE021D260385003CF6DB /* Assets.xcassets in Resources */ = {isa = PBXBuildFile; fileRef = BBF4BE011D260385003CF6DB /* Assets.xcassets */; };
		BBF4BE051D260385003CF6DB /* LaunchScreen.storyboard in Resources */ = {isa = PBXBuildFile; fileRef = BBF4BE031D260385003CF6DB /* LaunchScreen.storyboard */; };
/* End PBXBuildFile section */

/* Begin PBXFileReference section */
		BBDF6FDC1D5198AF001A46D1 /* digital-7.ttf */ = {isa = PBXFileReference; lastKnownFileType = file; path = "digital-7.ttf"; sourceTree = "<group>"; };
		BBDF6FDE1D519ACA001A46D1 /* Digital Dismay.otf */ = {isa = PBXFileReference; lastKnownFileType = file; path = "Digital Dismay.otf"; sourceTree = "<group>"; };
		BBF4BDF41D260384003CF6DB /* iAddit.app */ = {isa = PBXFileReference; explicitFileType = wrapper.application; includeInIndex = 0; path = iAddit.app; sourceTree = BUILT_PRODUCTS_DIR; };
		BBF4BDF71D260385003CF6DB /* AppDelegate.swift */ = {isa = PBXFileReference; lastKnownFileType = sourcecode.swift; path = AppDelegate.swift; sourceTree = "<group>"; };
		BBF4BDF91D260385003CF6DB /* ViewController.swift */ = {isa = PBXFileReference; lastKnownFileType = sourcecode.swift; path = ViewController.swift; sourceTree = "<group>"; };
		BBF4BDFC1D260385003CF6DB /* Base */ = {isa = PBXFileReference; lastKnownFileType = file.storyboard; name = Base; path = Base.lproj/Main.storyboard; sourceTree = "<group>"; };
		BBF4BDFF1D260385003CF6DB /* iAddit.xcdatamodel */ = {isa = PBXFileReference; lastKnownFileType = wrapper.xcdatamodel; path = iAddit.xcdatamodel; sourceTree = "<group>"; };
		BBF4BE011D260385003CF6DB /* Assets.xcassets */ = {isa = PBXFileReference; lastKnownFileType = folder.assetcatalog; path = Assets.xcassets; sourceTree = "<group>"; };
		BBF4BE041D260385003CF6DB /* Base */ = {isa = PBXFileReference; lastKnownFileType = file.storyboard; name = Base; path = Base.lproj/LaunchScreen.storyboard; sourceTree = "<group>"; };
		BBF4BE061D260385003CF6DB /* Info.plist */ = {isa = PBXFileReference; lastKnownFileType = text.plist.xml; path = Info.plist; sourceTree = "<group>"; };
/* End PBXFileReference section */

/* Begin PBXFrameworksBuildPhase section */
		BBF4BDF11D260384003CF6DB /* Frameworks */ = {
			isa = PBXFrameworksBuildPhase;
			buildActionMask = 2147483647;
			files = (
			);
			runOnlyForDeploymentPostprocessing = 0;
		};
/* End PBXFrameworksBuildPhase section */

/* Begin PBXGroup section */
		BBDF6FDB1D519883001A46D1 /* Resources */ = {
			isa = PBXGroup;
			children = (
				BBDF6FDE1D519ACA001A46D1 /* Digital Dismay.otf */,
				BBDF6FDC1D5198AF001A46D1 /* digital-7.ttf */,
			);
			name = Resources;
			sourceTree = "<group>";
		};
		BBF4BDEB1D260384003CF6DB = {
			isa = PBXGroup;
			children = (
				BBDF6FDB1D519883001A46D1 /* Resources */,
				BBF4BDF61D260385003CF6DB /* iAddit */,
				BBF4BDF51D260384003CF6DB /* Products */,
			);
			sourceTree = "<group>";
		};
		BBF4BDF51D260384003CF6DB /* Products */ = {
			isa = PBXGroup;
			children = (
				BBF4BDF41D260384003CF6DB /* iAddit.app */,
			);
			name = Products;
			sourceTree = "<group>";
		};
		BBF4BDF61D260385003CF6DB /* iAddit */ = {
			isa = PBXGroup;
			children = (
				BBF4BDF71D260385003CF6DB /* AppDelegate.swift */,
				BBF4BDF91D260385003CF6DB /* ViewController.swift */,
				BBF4BDFB1D260385003CF6DB /* Main.storyboard */,
				BBF4BE011D260385003CF6DB /* Assets.xcassets */,
				BBF4BE031D260385003CF6DB /* LaunchScreen.storyboard */,
				BBF4BE061D260385003CF6DB /* Info.plist */,
				BBF4BDFE1D260385003CF6DB /* iAddit.xcdatamodeld */,
			);
			path = iAddit;
			sourceTree = "<group>";
		};
/* End PBXGroup section */

/* Begin PBXNativeTarget section */
		BBF4BDF31D260384003CF6DB /* iAddit */ = {
			isa = PBXNativeTarget;
			buildConfigurationList = BBF4BE091D260385003CF6DB /* Build configuration list for PBXNativeTarget "iAddit" */;
			buildPhases = (
				BBF4BDF01D260384003CF6DB /* Sources */,
				BBF4BDF11D260384003CF6DB /* Frameworks */,
				BBF4BDF21D260384003CF6DB /* Resources */,
			);
			buildRules = (
			);
			dependencies = (
			);
			name = iAddit;
			productName = iAddit;
			productReference = BBF4BDF41D260384003CF6DB /* iAddit.app */;
			productType = "com.apple.product-type.application";
		};
/* End PBXNativeTarget section */

/* Begin PBXProject section */
		BBF4BDEC1D260384003CF6DB /* Project object */ = {
			isa = PBXProject;
			attributes = {
				LastSwiftUpdateCheck = 0730;
				LastUpgradeCheck = 0730;
				ORGANIZATIONNAME = "aboni llc";
				TargetAttributes = {
					BBF4BDF31D260384003CF6DB = {
						CreatedOnToolsVersion = 7.3.1;
						DevelopmentTeam = A35SR95NJE;
					};
				};
			};
			buildConfigurationList = BBF4BDEF1D260384003CF6DB /* Build configuration list for PBXProject "iAddit" */;
			compatibilityVersion = "Xcode 3.2";
			developmentRegion = English;
			hasScannedForEncodings = 0;
			knownRegions = (
				en,
				Base,
			);
			mainGroup = BBF4BDEB1D260384003CF6DB;
			productRefGroup = BBF4BDF51D260384003CF6DB /* Products */;
			projectDirPath = "";
			projectRoot = "";
			targets = (
				BBF4BDF31D260384003CF6DB /* iAddit */,
			);
		};
/* End PBXProject section */

/* Begin PBXResourcesBuildPhase section */
		BBF4BDF21D260384003CF6DB /* Resources */ = {
			isa = PBXResourcesBuildPhase;
			buildActionMask = 2147483647;
			files = (
				BBF4BE051D260385003CF6DB /* LaunchScreen.storyboard in Resources */,
				BBDF6FDF1D519ACA001A46D1 /* Digital Dismay.otf in Resources */,
				BBF4BE021D260385003CF6DB /* Assets.xcassets in Resources */,
				BBF4BDFD1D260385003CF6DB /* Main.storyboard in Resources */,
				BBDF6FDD1D5198AF001A46D1 /* digital-7.ttf in Resources */,
			);
			runOnlyForDeploymentPostprocessing = 0;
		};
/* End PBXResourcesBuildPhase section */

/* Begin PBXSourcesBuildPhase section */
		BBF4BDF01D260384003CF6DB /* Sources */ = {
			isa = PBXSourcesBuildPhase;
			buildActionMask = 2147483647;
			files = (
				BBF4BDFA1D260385003CF6DB /* ViewController.swift in Sources */,
				BBF4BE001D260385003CF6DB /* iAddit.xcdatamodeld in Sources */,
				BBF4BDF81D260385003CF6DB /* AppDelegate.swift in Sources */,
			);
			runOnlyForDeploymentPostprocessing = 0;
		};
/* End PBXSourcesBuildPhase section */

/* Begin PBXVariantGroup section */
		BBF4BDFB1D260385003CF6DB /* Main.storyboard */ = {
			isa = PBXVariantGroup;
			children = (
				BBF4BDFC1D260385003CF6DB /* Base */,
			);
			name = Main.storyboard;
			sourceTree = "<group>";
		};
		BBF4BE031D260385003CF6DB /* LaunchScreen.storyboard */ = {
			isa = PBXVariantGroup;
			children = (
				BBF4BE041D260385003CF6DB /* Base */,
			);
			name = LaunchScreen.storyboard;
			sourceTree = "<group>";
		};
/* End PBXVariantGroup section */

/* Begin XCBuildConfiguration section */
		BBF4BE071D260385003CF6DB /* Debug */ = {
			isa = XCBuildConfiguration;
			buildSettings = {
				ALWAYS_SEARCH_USER_PATHS = NO;
				CLANG_ANALYZER_NONNULL = YES;
				CLANG_CXX_LANGUAGE_STANDARD = "gnu++0x";
				CLANG_CXX_LIBRARY = "libc++";
				CLANG_ENABLE_MODULES = YES;
				CLANG_ENABLE_OBJC_ARC = YES;
				CLANG_WARN_BOOL_CONVERSION = YES;
				CLANG_WARN_CONSTANT_CONVERSION = YES;
				CLANG_WARN_DIRECT_OBJC_ISA_USAGE = YES_ERROR;
				CLANG_WARN_EMPTY_BODY = YES;
				CLANG_WARN_ENUM_CONVERSION = YES;
				CLANG_WARN_INT_CONVERSION = YES;
				CLANG_WARN_OBJC_ROOT_CLASS = YES_ERROR;
				CLANG_WARN_UNREACHABLE_CODE = YES;
				CLANG_WARN__DUPLICATE_METHOD_MATCH = YES;
				"CODE_SIGN_IDENTITY[sdk=iphoneos*]" = "iPhone Developer";
				COPY_PHASE_STRIP = NO;
				DEBUG_INFORMATION_FORMAT = dwarf;
				ENABLE_STRICT_OBJC_MSGSEND = YES;
				ENABLE_TESTABILITY = YES;
				GCC_C_LANGUAGE_STANDARD = gnu99;
				GCC_DYNAMIC_NO_PIC = NO;
				GCC_NO_COMMON_BLOCKS = YES;
				GCC_OPTIMIZATION_LEVEL = 0;
				GCC_PREPROCESSOR_DEFINITIONS = (
					"DEBUG=1",
					"$(inherited)",
				);
				GCC_WARN_64_TO_32_BIT_CONVERSION = YES;
				GCC_WARN_ABOUT_RETURN_TYPE = YES_ERROR;
				GCC_WARN_UNDECLARED_SELECTOR = YES;
				GCC_WARN_UNINITIALIZED_AUTOS = YES_AGGRESSIVE;
				GCC_WARN_UNUSED_FUNCTION = YES;
				GCC_WARN_UNUSED_VARIABLE = YES;
				IPHONEOS_DEPLOYMENT_TARGET = 9.3;
				MTL_ENABLE_DEBUG_INFO = YES;
				ONLY_ACTIVE_ARCH = YES;
				SDKROOT = iphoneos;
				SWIFT_OPTIMIZATION_LEVEL = "-Onone";
				TARGETED_DEVICE_FAMILY = "1,2";
			};
			name = Debug;
		};
		BBF4BE081D260385003CF6DB /* Release */ = {
			isa = XCBuildConfiguration;
			buildSettings = {
				ALWAYS_SEARCH_USER_PATHS = NO;
				CLANG_ANALYZER_NONNULL = YES;
				CLANG_CXX_LANGUAGE_STANDARD = "gnu++0x";
				CLANG_CXX_LIBRARY = "libc++";
				CLANG_ENABLE_MODULES = YES;
				CLANG_ENABLE_OBJC_ARC = YES;
				CLANG_WARN_BOOL_CONVERSION = YES;
				CLANG_WARN_CONSTANT_CONVERSION = YES;
				CLANG_WARN_DIRECT_OBJC_ISA_USAGE = YES_ERROR;
				CLANG_WARN_EMPTY_BODY = YES;
				CLANG_WARN_ENUM_CONVERSION = YES;
				CLANG_WARN_INT_CONVERSION = YES;
				CLANG_WARN_OBJC_ROOT_CLASS = YES_ERROR;
				CLANG_WARN_UNREACHABLE_CODE = YES;
				CLANG_WARN__DUPLICATE_METHOD_MATCH = YES;
				"CODE_SIGN_IDENTITY[sdk=iphoneos*]" = "iPhone Developer";
				COPY_PHASE_STRIP = NO;
				DEBUG_INFORMATION_FORMAT = "dwarf-with-dsym";
				ENABLE_NS_ASSERTIONS = NO;
				ENABLE_STRICT_OBJC_MSGSEND = YES;
				GCC_C_LANGUAGE_STANDARD = gnu99;
				GCC_NO_COMMON_BLOCKS = YES;
				GCC_WARN_64_TO_32_BIT_CONVERSION = YES;
				GCC_WARN_ABOUT_RETURN_TYPE = YES_ERROR;
				GCC_WARN_UNDECLARED_SELECTOR = YES;
				GCC_WARN_UNINITIALIZED_AUTOS = YES_AGGRESSIVE;
				GCC_WARN_UNUSED_FUNCTION = YES;
				GCC_WARN_UNUSED_VARIABLE = YES;
				IPHONEOS_DEPLOYMENT_TARGET = 9.3;
				MTL_ENABLE_DEBUG_INFO = NO;
				SDKROOT = iphoneos;
				TARGETED_DEVICE_FAMILY = "1,2";
				VALIDATE_PRODUCT = YES;
			};
			name = Release;
		};
		BBF4BE0A1D260385003CF6DB /* Debug */ = {
			isa = XCBuildConfiguration;
			buildSettings = {
				ASSETCATALOG_COMPILER_APPICON_NAME = AppIcon;
				INFOPLIST_FILE = iAddit/Info.plist;
				LD_RUNPATH_SEARCH_PATHS = "$(inherited) @executable_path/Frameworks";
				PRODUCT_BUNDLE_IDENTIFIER = com.abonillc.iAddit;
				PRODUCT_NAME = "$(TARGET_NAME)";
			};
			name = Debug;
		};
		BBF4BE0B1D260385003CF6DB /* Release */ = {
			isa = XCBuildConfiguration;
			buildSettings = {
				ASSETCATALOG_COMPILER_APPICON_NAME = AppIcon;
				INFOPLIST_FILE = iAddit/Info.plist;
				LD_RUNPATH_SEARCH_PATHS = "$(inherited) @executable_path/Frameworks";
				PRODUCT_BUNDLE_IDENTIFIER = com.abonillc.iAddit;
				PRODUCT_NAME = "$(TARGET_NAME)";
			};
			name = Release;
		};
/* End XCBuildConfiguration section */

/* Begin XCConfigurationList section */
		BBF4BDEF1D260384003CF6DB /* Build configuration list for PBXProject "iAddit" */ = {
			isa = XCConfigurationList;
			buildConfigurations = (
				BBF4BE071D260385003CF6DB /* Debug */,
				BBF4BE081D260385003CF6DB /* Release */,
			);
			defaultConfigurationIsVisible = 0;
			defaultConfigurationName = Release;
		};
		BBF4BE091D260385003CF6DB /* Build configuration list for PBXNativeTarget "iAddit" */ = {
			isa = XCConfigurationList;
			buildConfigurations = (
				BBF4BE0A1D260385003CF6DB /* Debug */,
				BBF4BE0B1D260385003CF6DB /* Release */,
			);
			defaultConfigurationIsVisible = 0;
			defaultConfigurationName = Release;
		};
/* End XCConfigurationList section */

/* Begin XCVersionGroup section */
		BBF4BDFE1D260385003CF6DB /* iAddit.xcdatamodeld */ = {
			isa = XCVersionGroup;
			children = (
				BBF4BDFF1D260385003CF6DB /* iAddit.xcdatamodel */,
			);
			currentVersion = BBF4BDFF1D260385003CF6DB /* iAddit.xcdatamodel */;
			path = iAddit.xcdatamodeld;
			sourceTree = "<group>";
			versionGroupType = wrapper.xcdatamodel;
		};
/* End XCVersionGroup section */
	};
	rootObject = BBF4BDEC1D260384003CF6DB /* Project object */;
}
